{
  "name": "_demo",
  "version": "1.0.0",
  "lockfileVersion": 1,
  "requires": true,
  "dependencies": {
    "output-static": {
      "version": "1.0.3",
      "resolved": "https://registry.npmjs.org/output-static/-/output-static-1.0.3.tgz",
      "integrity": "sha512-8q0+ZgqPZRfcfePH3uTF8S4M6Sel8KhR/GPGF1XNhyBSt3r/1I4Gqtq0oMTakohvdqRGgXkCR2uSEH6YtygLXg=="
    },
    "output-static-mime": {
      "version": "1.0.2",
      "resolved": "https://registry.npmjs.org/output-static-mime/-/output-static-mime-1.0.2.tgz",
      "integrity": "sha512-jUoYrDzmGVAyLrZbU7LtuOBuCOzyZ90Yi1dwDDbGiC6MxyZvyDAV0pZAyW3nAN2d9r7oGgh6T3TGq4MGd+L7pw=="
    },
    "output-view": {
      "version": "1.0.7",
      "resolved": "https://registry.npmjs.org/output-view/-/output-view-1.0.7.tgz",
      "integrity": "sha512-H/iT2cPuT3BJn8uuYOA8O5Gu0mIx0DT+c2GOWVG5LZj+X2uUCTQOMaFi4uoXWEXx89KMk5ufpCKdz0M3nhUqJg=="
    }
  }
}
